# This file was autogenerated by uv via the following command:
#    uv pip compile speech/requirements-tts.in --python /opt/homebrew/bin/python3.12 --output-file speech/requirements-tts.lock
annotated-doc==0.0.5
    # via
    #   fastapi
    #   typer
annotated-types==0.8.0
    # via pydantic
anyio==4.14.2
    # via
    #   httpx
    #   starlette
certifi==2026.7.22
    # via
    #   httpcore
    #   httpx
cffi==2.1.0
    # via
    #   miniaudio
    #   sounddevice
click==8.4.2
    # via
    #   huggingface-hub
    #   uvicorn
fastapi==0.136.1
    # via -r speech/requirements-tts.in
filelock==3.32.2
    # via huggingface-hub
fsspec==2026.7.0
    # via huggingface-hub
h11==0.16.0
    # via
    #   httpcore
    #   uvicorn
hf-xet==1.5.2
    # via huggingface-hub
httpcore==1.0.9
    # via httpx
httpx==0.28.1
    # via
    #   -r speech/requirements-tts.in
    #   huggingface-hub
huggingface-hub==1.25.1
    # via
    #   mlx-audio
    #   tokenizers
    #   transformers
idna==3.18
    # via
    #   anyio
    #   httpx
jinja2==3.1.6
    # via mlx-lm
markdown-it-py==4.2.0
    # via rich
markupsafe==3.0.3
    # via jinja2
mdurl==0.1.2
    # via markdown-it-py
miniaudio==1.71
    # via mlx-audio
mlx==0.32.0
    # via
    #   mlx-audio
    #   mlx-lm
mlx-audio @ git+https://github.com/Blaizzy/mlx-audio.git@ada4c2670b0fa4be9d5115a1d4a629e61d183fd6
    # via -r speech/requirements-tts.in
mlx-lm==0.31.3
    # via mlx-audio
mlx-metal==0.32.0
    # via mlx
numpy==2.5.1
    # via
    #   mlx-audio
    #   mlx-lm
    #   scipy
    #   transformers
packaging==26.2
    # via
    #   huggingface-hub
    #   transformers
protobuf==7.35.1
    # via mlx-lm
pycparser==3.0
    # via cffi
pydantic==2.13.4
    # via fastapi
pydantic-core==2.46.4
    # via pydantic
pygments==2.20.0
    # via rich
python-multipart==0.0.28
    # via -r speech/requirements-tts.in
pyyaml==6.0.3
    # via
    #   huggingface-hub
    #   mlx-lm
    #   transformers
regex==2026.7.19
    # via transformers
rich==15.0.0
    # via typer
safetensors==0.8.0
    # via transformers
scipy==1.18.0
    # via mlx-audio
sentencepiece==0.2.2
    # via mlx-lm
shellingham==1.5.4
    # via typer
sounddevice==0.5.5
    # via mlx-audio
starlette==1.3.1
    # via fastapi
tokenizers==0.22.2
    # via transformers
tqdm==4.70.0
    # via
    #   huggingface-hub
    #   mlx-audio
    #   transformers
transformers==5.14.1
    # via
    #   mlx-audio
    #   mlx-lm
typer==0.27.0
    # via transformers
typing-extensions==4.16.0
    # via
    #   anyio
    #   fastapi
    #   huggingface-hub
    #   pydantic
    #   pydantic-core
    #   starlette
    #   typing-inspection
typing-inspection==0.4.2
    # via
    #   fastapi
    #   pydantic
uvicorn==0.46.0
    # via -r speech/requirements-tts.in
websockets==16.1.1
    # via -r speech/requirements-tts.in
