# This file was autogenerated by uv via the following command:
#    uv pip compile speech/requirements-asr.in --python /opt/homebrew/bin/python3.12 --output-file speech/requirements-asr.lock
annotated-doc==0.0.5
    # via fastapi
annotated-types==0.8.0
    # via pydantic
anyio==4.14.2
    # via
    #   httpx
    #   starlette
certifi==2026.7.22
    # via
    #   httpcore
    #   httpx
click==8.4.2
    # via
    #   huggingface-hub
    #   uvicorn
cython==3.2.9
    # via dynet38
dynet38==2.2
    # via nagisa
fastapi==0.136.1
    # via
    #   -r speech/requirements-asr.in
    #   mlx-qwen3-asr
filelock==3.32.2
    # via huggingface-hub
fsspec==2026.7.0
    # via huggingface-hub
h11==0.16.0
    # via
    #   httpcore
    #   uvicorn
hf-xet==1.5.2
    # via huggingface-hub
httpcore==1.0.9
    # via httpx
httpx==0.28.1
    # via
    #   -r speech/requirements-asr.in
    #   huggingface-hub
huggingface-hub==1.25.1
    # via mlx-qwen3-asr
idna==3.18
    # via
    #   anyio
    #   httpx
joblib==1.5.3
    # via scikit-learn
mlx==0.32.0
    # via mlx-qwen3-asr
mlx-metal==0.32.0
    # via mlx
mlx-qwen3-asr==0.3.5
    # via -r speech/requirements-asr.in
nagisa==0.3.0
    # via mlx-qwen3-asr
narwhals==2.24.0
    # via scikit-learn
numpy==2.5.1
    # via
    #   dynet38
    #   mlx-qwen3-asr
    #   nagisa
    #   scikit-learn
    #   scipy
    #   soynlp
packaging==26.2
    # via huggingface-hub
psutil==7.2.2
    # via soynlp
pydantic==2.13.4
    # via fastapi
pydantic-core==2.46.4
    # via pydantic
python-multipart==0.0.28
    # via
    #   -r speech/requirements-asr.in
    #   mlx-qwen3-asr
pyyaml==6.0.3
    # via huggingface-hub
regex==2026.7.19
    # via mlx-qwen3-asr
scikit-learn==1.9.0
    # via soynlp
scipy==1.18.0
    # via
    #   scikit-learn
    #   soynlp
six==1.17.0
    # via nagisa
soynlp==0.0.493
    # via mlx-qwen3-asr
starlette==1.3.1
    # via fastapi
threadpoolctl==3.6.0
    # via scikit-learn
tqdm==4.70.0
    # via huggingface-hub
typing-extensions==4.16.0
    # via
    #   anyio
    #   fastapi
    #   huggingface-hub
    #   pydantic
    #   pydantic-core
    #   starlette
    #   typing-inspection
typing-inspection==0.4.2
    # via
    #   fastapi
    #   pydantic
uvicorn==0.46.0
    # via
    #   -r speech/requirements-asr.in
    #   mlx-qwen3-asr
websockets==16.1.1
    # via -r speech/requirements-asr.in
